
Microsoft Visual Studio Solution File, Format Version 12.00
# Visual Studio Version 17
VisualStudioVersion = 17.11.35327.3
MinimumVisualStudioVersion = 10.0.40219.1
Project("{2150E333-8FDC-42A3-9474-1A3956D46DE8}") = "Core", "Core", "{15837A81-C9AD-43C7-B250-3502AEE62099}"
EndProject
Project("{2150E333-8FDC-42A3-9474-1A3956D46DE8}") = "Intranet", "Intranet", "{60BB7C3D-B9F5-4133-A75D-B027E60CB501}"
EndProject
Project("{2150E333-8FDC-42A3-9474-1A3956D46DE8}") = "API", "API", "{9DF1470C-B88D-4D18-9526-C2537585F972}"
EndProject
Project("{FAE04EC0-301F-11D3-BF4B-00C04F79EFBC}") = "SETVIA.Intranet.WebSite", "SETVIA.Intranet.WebSite\SETVIA.Intranet.WebSite.csproj", "{B79102C4-DB58-45E1-A4F9-B8ECC044D49B}"
EndProject
Project("{2150E333-8FDC-42A3-9474-1A3956D46DE8}") = "Business", "Business", "{602EAEA7-4FD1-418F-9A5C-4ADC0EE64E84}"
EndProject
Project("{FAE04EC0-301F-11D3-BF4B-00C04F79EFBC}") = "SETVIA.Business.DataBases", "SETVIA.Business.DataBases\SETVIA.Business.DataBases.csproj", "{CDADB664-E373-4153-9B65-ED1DAD3143F6}"
EndProject
Project("{2150E333-8FDC-42A3-9474-1A3956D46DE8}") = "Util", "Util", "{A3A9F585-6515-4A11-827C-C0AC8A5F7AFB}"
EndProject
Project("{FAE04EC0-301F-11D3-BF4B-00C04F79EFBC}") = "SETVIA.Util.Api", "SETVIA.Util.Api\SETVIA.Util.Api.csproj", "{B44300CB-57BD-4766-BDF3-0DFEF54AC483}"
EndProject
Project("{FAE04EC0-301F-11D3-BF4B-00C04F79EFBC}") = "SETVIA.Core.Database", "SETVIA.Core.Database\SETVIA.Core.Database.csproj", "{DFECDD6D-80CE-4FCB-9A23-49921B6FAFD6}"
EndProject
Project("{FAE04EC0-301F-11D3-BF4B-00C04F79EFBC}") = "SETVIA.Util.Constant", "SETVIA.Util.Constant\SETVIA.Util.Constant.csproj", "{7F9DF1A9-56A8-4395-8E7C-96A2976F92CC}"
EndProject
Project("{FAE04EC0-301F-11D3-BF4B-00C04F79EFBC}") = "SETVIA.Intrane.ApiWeb", "SETVIA.Intrane.ApiWeb\SETVIA.Intrane.ApiWeb.csproj", "{3EB2718F-3BAF-4CD2-9DCE-63627F2D5556}"
EndProject
Project("{2150E333-8FDC-42A3-9474-1A3956D46DE8}") = "Extranet", "Extranet", "{E8CB7D77-AA59-47D8-8267-A33008933718}"
EndProject
Project("{FAE04EC0-301F-11D3-BF4B-00C04F79EFBC}") = "SETVIA.Extranet.WebSite", "SETVIA.Extranet.WebSite\SETVIA.Extranet.WebSite.csproj", "{59ACA18A-EB66-4315-BBE7-FD22B6734B4F}"
EndProject
Global
	GlobalSection(SolutionConfigurationPlatforms) = preSolution
		Debug|Any CPU = Debug|Any CPU
		Release|Any CPU = Release|Any CPU
	EndGlobalSection
	GlobalSection(ProjectConfigurationPlatforms) = postSolution
		{B79102C4-DB58-45E1-A4F9-B8ECC044D49B}.Debug|Any CPU.ActiveCfg = Debug|Any CPU
		{B79102C4-DB58-45E1-A4F9-B8ECC044D49B}.Debug|Any CPU.Build.0 = Debug|Any CPU
		{B79102C4-DB58-45E1-A4F9-B8ECC044D49B}.Release|Any CPU.ActiveCfg = Release|Any CPU
		{B79102C4-DB58-45E1-A4F9-B8ECC044D49B}.Release|Any CPU.Build.0 = Release|Any CPU
		{CDADB664-E373-4153-9B65-ED1DAD3143F6}.Debug|Any CPU.ActiveCfg = Debug|Any CPU
		{CDADB664-E373-4153-9B65-ED1DAD3143F6}.Debug|Any CPU.Build.0 = Debug|Any CPU
		{CDADB664-E373-4153-9B65-ED1DAD3143F6}.Release|Any CPU.ActiveCfg = Release|Any CPU
		{CDADB664-E373-4153-9B65-ED1DAD3143F6}.Release|Any CPU.Build.0 = Release|Any CPU
		{B44300CB-57BD-4766-BDF3-0DFEF54AC483}.Debug|Any CPU.ActiveCfg = Debug|Any CPU
		{B44300CB-57BD-4766-BDF3-0DFEF54AC483}.Debug|Any CPU.Build.0 = Debug|Any CPU
		{B44300CB-57BD-4766-BDF3-0DFEF54AC483}.Release|Any CPU.ActiveCfg = Release|Any CPU
		{B44300CB-57BD-4766-BDF3-0DFEF54AC483}.Release|Any CPU.Build.0 = Release|Any CPU
		{DFECDD6D-80CE-4FCB-9A23-49921B6FAFD6}.Debug|Any CPU.ActiveCfg = Debug|Any CPU
		{DFECDD6D-80CE-4FCB-9A23-49921B6FAFD6}.Debug|Any CPU.Build.0 = Debug|Any CPU
		{DFECDD6D-80CE-4FCB-9A23-49921B6FAFD6}.Release|Any CPU.ActiveCfg = Release|Any CPU
		{DFECDD6D-80CE-4FCB-9A23-49921B6FAFD6}.Release|Any CPU.Build.0 = Release|Any CPU
		{7F9DF1A9-56A8-4395-8E7C-96A2976F92CC}.Debug|Any CPU.ActiveCfg = Debug|Any CPU
		{7F9DF1A9-56A8-4395-8E7C-96A2976F92CC}.Debug|Any CPU.Build.0 = Debug|Any CPU
		{7F9DF1A9-56A8-4395-8E7C-96A2976F92CC}.Release|Any CPU.ActiveCfg = Release|Any CPU
		{7F9DF1A9-56A8-4395-8E7C-96A2976F92CC}.Release|Any CPU.Build.0 = Release|Any CPU
		{3EB2718F-3BAF-4CD2-9DCE-63627F2D5556}.Debug|Any CPU.ActiveCfg = Debug|Any CPU
		{3EB2718F-3BAF-4CD2-9DCE-63627F2D5556}.Debug|Any CPU.Build.0 = Debug|Any CPU
		{3EB2718F-3BAF-4CD2-9DCE-63627F2D5556}.Release|Any CPU.ActiveCfg = Release|Any CPU
		{3EB2718F-3BAF-4CD2-9DCE-63627F2D5556}.Release|Any CPU.Build.0 = Release|Any CPU
		{59ACA18A-EB66-4315-BBE7-FD22B6734B4F}.Debug|Any CPU.ActiveCfg = Debug|Any CPU
		{59ACA18A-EB66-4315-BBE7-FD22B6734B4F}.Debug|Any CPU.Build.0 = Debug|Any CPU
		{59ACA18A-EB66-4315-BBE7-FD22B6734B4F}.Release|Any CPU.ActiveCfg = Release|Any CPU
		{59ACA18A-EB66-4315-BBE7-FD22B6734B4F}.Release|Any CPU.Build.0 = Release|Any CPU
	EndGlobalSection
	GlobalSection(SolutionProperties) = preSolution
		HideSolutionNode = FALSE
	EndGlobalSection
	GlobalSection(NestedProjects) = preSolution
		{9DF1470C-B88D-4D18-9526-C2537585F972} = {60BB7C3D-B9F5-4133-A75D-B027E60CB501}
		{B79102C4-DB58-45E1-A4F9-B8ECC044D49B} = {60BB7C3D-B9F5-4133-A75D-B027E60CB501}
		{CDADB664-E373-4153-9B65-ED1DAD3143F6} = {602EAEA7-4FD1-418F-9A5C-4ADC0EE64E84}
		{B44300CB-57BD-4766-BDF3-0DFEF54AC483} = {A3A9F585-6515-4A11-827C-C0AC8A5F7AFB}
		{DFECDD6D-80CE-4FCB-9A23-49921B6FAFD6} = {15837A81-C9AD-43C7-B250-3502AEE62099}
		{7F9DF1A9-56A8-4395-8E7C-96A2976F92CC} = {A3A9F585-6515-4A11-827C-C0AC8A5F7AFB}
		{3EB2718F-3BAF-4CD2-9DCE-63627F2D5556} = {9DF1470C-B88D-4D18-9526-C2537585F972}
		{59ACA18A-EB66-4315-BBE7-FD22B6734B4F} = {E8CB7D77-AA59-47D8-8267-A33008933718}
	EndGlobalSection
	GlobalSection(ExtensibilityGlobals) = postSolution
		SolutionGuid = {E56FC7E5-C54C-4E43-8749-B95AC9D44133}
	EndGlobalSection
EndGlobal
